{
  "version": 4,
  "terraform_version": "0.12.24",
  "serial": 32,
  "lineage": "4c67893f-7765-1adc-82fb-5b9fa13222f9",
  "outputs": {
    "Login": {
      "value": "ssh -i chandra-test-keypairs ubuntu@13.250.63.236",
      "type": "string"
    },
    "access": {
      "value": "http://13.250.63.236/index.php",
      "type": "string"
    },
    "ami_id": {
      "value": "ami-0aa787af8cdd260f1",
      "type": "string"
    },
    "azs": {
      "value": [
        [
          "ap-southeast-1a",
          "ap-southeast-1b",
          "ap-southeast-1c"
        ]
      ],
      "type": [
        "tuple",
        [
          [
            "list",
            "string"
          ]
        ]
      ]
    },
    "db_access_from_ec2": {
      "value": "mysql -h terraform-20200717072706304900000001.cusdcdjzgv0j.ap-southeast-1.rds.amazonaws.com -P 3306 -u chandrakumar -pchandrakumar",
      "type": "string"
    }
  },
  "resources": [
    {
      "mode": "data",
      "type": "aws_ami",
      "name": "ubuntu",
      "provider": "provider.aws",
      "instances": [
        {
          "schema_version": 0,
          "attributes": {
            "architecture": "x86_64",
            "arn": "arn:aws:ec2:ap-southeast-1::image/ami-0aa787af8cdd260f1",
            "block_device_mappings": [
              {
                "device_name": "/dev/sda1",
                "ebs": {
                  "delete_on_termination": "true",
                  "encrypted": "false",
                  "iops": "0",
                  "snapshot_id": "snap-0811419020fd95cac",
                  "volume_size": "8",
                  "volume_type": "gp2"
                },
                "no_device": "",
                "virtual_name": ""
              },
              {
                "device_name": "/dev/sdb",
                "ebs": {},
                "no_device": "",
                "virtual_name": "ephemeral0"
              },
              {
                "device_name": "/dev/sdc",
                "ebs": {},
                "no_device": "",
                "virtual_name": "ephemeral1"
              }
            ],
            "creation_date": "2019-11-11T13:12:14.000Z",
            "description": "Canonical, Ubuntu, 14.04 LTS, amd64 trusty image build on 2019-11-07",
            "executable_users": null,
            "filter": [
              {
                "name": "name",
                "values": [
                  "ubuntu/images/hvm-ssd/ubuntu-trusty-14.04-amd64-server-*"
                ]
              },
              {
                "name": "virtualization-type",
                "values": [
                  "hvm"
                ]
              }
            ],
            "hypervisor": "xen",
            "id": "ami-0aa787af8cdd260f1",
            "image_id": "ami-0aa787af8cdd260f1",
            "image_location": "099720109477/ubuntu/images/hvm-ssd/ubuntu-trusty-14.04-amd64-server-20191107",
            "image_owner_alias": null,
            "image_type": "machine",
            "kernel_id": null,
            "most_recent": true,
            "name": "ubuntu/images/hvm-ssd/ubuntu-trusty-14.04-amd64-server-20191107",
            "name_regex": null,
            "owner_id": "099720109477",
            "owners": [
              "099720109477"
            ],
            "platform": null,
            "product_codes": [],
            "public": true,
            "ramdisk_id": null,
            "root_device_name": "/dev/sda1",
            "root_device_type": "ebs",
            "root_snapshot_id": "snap-0811419020fd95cac",
            "sriov_net_support": "simple",
            "state": "available",
            "state_reason": {
              "code": "UNSET",
              "message": "UNSET"
            },
            "tags": {},
            "virtualization_type": "hvm"
          }
        }
      ]
    },
    {
      "mode": "data",
      "type": "aws_availability_zones",
      "name": "azs",
      "provider": "provider.aws",
      "instances": [
        {
          "schema_version": 0,
          "attributes": {
            "all_availability_zones": null,
            "blacklisted_names": null,
            "blacklisted_zone_ids": null,
            "exclude_names": null,
            "exclude_zone_ids": null,
            "filter": null,
            "group_names": [
              "ap-southeast-1"
            ],
            "id": "2020-07-17 07:22:32.5759751 +0000 UTC",
            "names": [
              "ap-southeast-1a",
              "ap-southeast-1b",
              "ap-southeast-1c"
            ],
            "state": null,
            "zone_ids": [
              "apse1-az2",
              "apse1-az1",
              "apse1-az3"
            ]
          }
        }
      ]
    },
    {
      "mode": "data",
      "type": "template_file",
      "name": "phpconfig",
      "provider": "provider.template",
      "instances": [
        {
          "schema_version": 0,
          "attributes": {
            "filename": null,
            "id": "d75915068d07489948a88ea643fe333e56a4532d8e977f8dc31ffd6b0dfd71e1",
            "rendered": "\u003c?php\n/**\n * The base configuration for WordPress\n *\n * The wp-config.php creation script uses this file during the\n * installation. You don't have to use the web site, you can\n * copy this file to \"wp-config.php\" and fill in the values.\n *\n * This file contains the following configurations:\n *\n * * MySQL settings\n * * Secret keys\n * * Database table prefix\n * * ABSPATH\n *\n * @link https://codex.wordpress.org/Editing_wp-config.php\n *\n * @package WordPress\n */\n\n// ** MySQL settings - You can get this info from your web host ** //\n/** The name of the database for WordPress */\ndefine( 'DB_NAME', 'chandrakumardb' );\n\n/** MySQL database username */\ndefine( 'DB_USER', 'chandrakumar' );\n\n/** MySQL database password */\ndefine( 'DB_PASSWORD', 'chandrakumar' );\n\n/** MySQL hostname */\ndefine( 'DB_HOST', 'terraform-20200717072706304900000001.cusdcdjzgv0j.ap-southeast-1.rds.amazonaws.com:3306' );\n\n/** Database Charset to use in creating database tables. */\ndefine( 'DB_CHARSET', 'utf8' );\n\n/** The Database Collate type. Don't change this if in doubt. */\ndefine( 'DB_COLLATE', '' );\n\n/**#@+\n * Authentication Unique Keys and Salts.\n *\n * Change these to different unique phrases!\n * You can generate these using the {@link https://api.wordpress.org/secret-key/1.1/salt/ WordPress.org secret-key service}\n * You can change these at any point in time to invalidate all existing cookies. This will force all users to have to log in again.\n *\n * @since 2.6.0\n */\ndefine( 'AUTH_KEY',         'put your unique phrase here' );\ndefine( 'SECURE_AUTH_KEY',  'put your unique phrase here' );\ndefine( 'LOGGED_IN_KEY',    'put your unique phrase here' );\ndefine( 'NONCE_KEY',        'put your unique phrase here' );\ndefine( 'AUTH_SALT',        'put your unique phrase here' );\ndefine( 'SECURE_AUTH_SALT', 'put your unique phrase here' );\ndefine( 'LOGGED_IN_SALT',   'put your unique phrase here' );\ndefine( 'NONCE_SALT',       'put your unique phrase here' );\n\n/**#@-*/\n\n/**\n * WordPress Database Table prefix.\n *\n * You can have multiple installations in one database if you give each\n * a unique prefix. Only numbers, letters, and underscores please!\n */\n$table_prefix = 'wp_';\n\n/**\n * For developers: WordPress debugging mode.\n *\n * Change this to true to enable the display of notices during development.\n * It is strongly recommended that plugin and theme developers use WP_DEBUG\n * in their development environments.\n *\n * For information on other constants that can be used for debugging,\n * visit the Codex.\n *\n * @link https://codex.wordpress.org/Debugging_in_WordPress\n */\ndefine( 'WP_DEBUG', false );\n\n/* That's all, stop editing! Happy publishing. */\n\n/** Absolute path to the WordPress directory. */\nif ( ! defined( 'ABSPATH' ) ) {\n\tdefine( 'ABSPATH', dirname( __FILE__ ) . '/' );\n}\n\n/** Sets up WordPress vars and included files. */\nrequire_once( ABSPATH . 'wp-settings.php' );",
            "template": "\u003c?php\n/**\n * The base configuration for WordPress\n *\n * The wp-config.php creation script uses this file during the\n * installation. You don't have to use the web site, you can\n * copy this file to \"wp-config.php\" and fill in the values.\n *\n * This file contains the following configurations:\n *\n * * MySQL settings\n * * Secret keys\n * * Database table prefix\n * * ABSPATH\n *\n * @link https://codex.wordpress.org/Editing_wp-config.php\n *\n * @package WordPress\n */\n\n// ** MySQL settings - You can get this info from your web host ** //\n/** The name of the database for WordPress */\ndefine( 'DB_NAME', '${db_name}' );\n\n/** MySQL database username */\ndefine( 'DB_USER', '${db_user}' );\n\n/** MySQL database password */\ndefine( 'DB_PASSWORD', '${db_pass}' );\n\n/** MySQL hostname */\ndefine( 'DB_HOST', '${db_host}:${db_port}' );\n\n/** Database Charset to use in creating database tables. */\ndefine( 'DB_CHARSET', 'utf8' );\n\n/** The Database Collate type. Don't change this if in doubt. */\ndefine( 'DB_COLLATE', '' );\n\n/**#@+\n * Authentication Unique Keys and Salts.\n *\n * Change these to different unique phrases!\n * You can generate these using the {@link https://api.wordpress.org/secret-key/1.1/salt/ WordPress.org secret-key service}\n * You can change these at any point in time to invalidate all existing cookies. This will force all users to have to log in again.\n *\n * @since 2.6.0\n */\ndefine( 'AUTH_KEY',         'put your unique phrase here' );\ndefine( 'SECURE_AUTH_KEY',  'put your unique phrase here' );\ndefine( 'LOGGED_IN_KEY',    'put your unique phrase here' );\ndefine( 'NONCE_KEY',        'put your unique phrase here' );\ndefine( 'AUTH_SALT',        'put your unique phrase here' );\ndefine( 'SECURE_AUTH_SALT', 'put your unique phrase here' );\ndefine( 'LOGGED_IN_SALT',   'put your unique phrase here' );\ndefine( 'NONCE_SALT',       'put your unique phrase here' );\n\n/**#@-*/\n\n/**\n * WordPress Database Table prefix.\n *\n * You can have multiple installations in one database if you give each\n * a unique prefix. Only numbers, letters, and underscores please!\n */\n$table_prefix = 'wp_';\n\n/**\n * For developers: WordPress debugging mode.\n *\n * Change this to true to enable the display of notices during development.\n * It is strongly recommended that plugin and theme developers use WP_DEBUG\n * in their development environments.\n *\n * For information on other constants that can be used for debugging,\n * visit the Codex.\n *\n * @link https://codex.wordpress.org/Debugging_in_WordPress\n */\ndefine( 'WP_DEBUG', false );\n\n/* That's all, stop editing! Happy publishing. */\n\n/** Absolute path to the WordPress directory. */\nif ( ! defined( 'ABSPATH' ) ) {\n\tdefine( 'ABSPATH', dirname( __FILE__ ) . '/' );\n}\n\n/** Sets up WordPress vars and included files. */\nrequire_once( ABSPATH . 'wp-settings.php' );",
            "vars": {
              "db_host": "terraform-20200717072706304900000001.cusdcdjzgv0j.ap-southeast-1.rds.amazonaws.com",
              "db_name": "chandrakumardb",
              "db_pass": "chandrakumar",
              "db_port": "3306",
              "db_user": "chandrakumar"
            }
          }
        }
      ]
    },
    {
      "mode": "managed",
      "type": "aws_db_instance",
      "name": "mysql",
      "provider": "provider.aws",
      "instances": [
        {
          "schema_version": 1,
          "attributes": {
            "address": "terraform-20200717072706304900000001.cusdcdjzgv0j.ap-southeast-1.rds.amazonaws.com",
            "allocated_storage": 20,
            "allow_major_version_upgrade": null,
            "apply_immediately": null,
            "arn": "arn:aws:rds:ap-southeast-1:626156903382:db:terraform-20200717072706304900000001",
            "auto_minor_version_upgrade": true,
            "availability_zone": "ap-southeast-1a",
            "backup_retention_period": 0,
            "backup_window": "19:27-19:57",
            "ca_cert_identifier": "rds-ca-2019",
            "character_set_name": null,
            "copy_tags_to_snapshot": false,
            "db_subnet_group_name": "chandra-test-subngroup",
            "delete_automated_backups": true,
            "deletion_protection": false,
            "domain": "",
            "domain_iam_role_name": "",
            "enabled_cloudwatch_logs_exports": null,
            "endpoint": "terraform-20200717072706304900000001.cusdcdjzgv0j.ap-southeast-1.rds.amazonaws.com:3306",
            "engine": "mysql",
            "engine_version": "5.7.22",
            "final_snapshot_identifier": null,
            "hosted_zone_id": "Z2G0U3KFCY8NZ5",
            "iam_database_authentication_enabled": false,
            "id": "terraform-20200717072706304900000001",
            "identifier": "terraform-20200717072706304900000001",
            "identifier_prefix": null,
            "instance_class": "db.t2.micro",
            "iops": 0,
            "kms_key_id": "",
            "license_model": "general-public-license",
            "maintenance_window": "mon:20:42-mon:21:12",
            "max_allocated_storage": 0,
            "monitoring_interval": 0,
            "monitoring_role_arn": "",
            "multi_az": false,
            "name": "chandrakumardb",
            "option_group_name": "default:mysql-5-7",
            "parameter_group_name": "default.mysql5.7",
            "password": "chandrakumar",
            "performance_insights_enabled": false,
            "performance_insights_kms_key_id": "",
            "performance_insights_retention_period": 0,
            "port": 3306,
            "publicly_accessible": false,
            "replicas": [],
            "replicate_source_db": "",
            "resource_id": "db-NENGHI3742K4M7OTKAWJF6UUOA",
            "s3_import": [],
            "security_group_names": null,
            "skip_final_snapshot": true,
            "snapshot_identifier": null,
            "status": "available",
            "storage_encrypted": false,
            "storage_type": "gp2",
            "tags": null,
            "timeouts": null,
            "timezone": "",
            "username": "chandrakumar",
            "vpc_security_group_ids": [
              "sg-01393f4e6fd4ea670"
            ]
          },
          "private": "eyJlMmJmYjczMC1lY2FhLTExZTYtOGY4OC0zNDM2M2JjN2M0YzAiOnsiY3JlYXRlIjoyNDAwMDAwMDAwMDAwLCJkZWxldGUiOjI0MDAwMDAwMDAwMDAsInVwZGF0ZSI6NDgwMDAwMDAwMDAwMH0sInNjaGVtYV92ZXJzaW9uIjoiMSJ9",
          "dependencies": [
            "aws_db_subnet_group.mysql",
            "aws_security_group.mysql"
          ]
        }
      ]
    },
    {
      "mode": "managed",
      "type": "aws_db_subnet_group",
      "name": "mysql",
      "provider": "provider.aws",
      "instances": [
        {
          "schema_version": 0,
          "attributes": {
            "arn": "arn:aws:rds:ap-southeast-1:626156903382:subgrp:chandra-test-subngroup",
            "description": "Managed by Terraform",
            "id": "chandra-test-subngroup",
            "name": "chandra-test-subngroup",
            "name_prefix": null,
            "subnet_ids": [
              "subnet-042eb14c03b598222",
              "subnet-07532443580e111b0",
              "subnet-0eb2b79acd5901d87"
            ],
            "tags": {
              "Name": "chandra-test-subnetGroup"
            }
          },
          "private": "bnVsbA==",
          "dependencies": [
            "aws_subnet.private1",
            "aws_subnet.private2",
            "aws_subnet.private3",
            "aws_vpc.vpc"
          ]
        }
      ]
    },
    {
      "mode": "managed",
      "type": "aws_eip",
      "name": "eip",
      "provider": "provider.aws",
      "instances": [
        {
          "schema_version": 0,
          "attributes": {
            "allocation_id": null,
            "associate_with_private_ip": null,
            "association_id": "eipassoc-07010a4e68239abe5",
            "customer_owned_ip": "",
            "customer_owned_ipv4_pool": "",
            "domain": "vpc",
            "id": "eipalloc-0dd1f44c9533420b5",
            "instance": "",
            "network_interface": "eni-0edf82e04455a59b9",
            "private_dns": "ip-10-0-1-133.ap-southeast-1.compute.internal",
            "private_ip": "10.0.1.133",
            "public_dns": "ec2-54-254-20-43.ap-southeast-1.compute.amazonaws.com",
            "public_ip": "54.254.20.43",
            "public_ipv4_pool": "amazon",
            "tags": {
              "Name": "chandra-test-nat-ip"
            },
            "timeouts": null,
            "vpc": true
          },
          "private": "eyJlMmJmYjczMC1lY2FhLTExZTYtOGY4OC0zNDM2M2JjN2M0YzAiOnsiZGVsZXRlIjoxODAwMDAwMDAwMDAsInJlYWQiOjkwMDAwMDAwMDAwMCwidXBkYXRlIjozMDAwMDAwMDAwMDB9fQ=="
        }
      ]
    },
    {
      "mode": "managed",
      "type": "aws_instance",
      "name": "ec2",
      "provider": "provider.aws",
      "instances": [
        {
          "schema_version": 1,
          "attributes": {
            "ami": "ami-0aa787af8cdd260f1",
            "arn": "arn:aws:ec2:ap-southeast-1:626156903382:instance/i-01f8e79c34d3857aa",
            "associate_public_ip_address": true,
            "availability_zone": "ap-southeast-1a",
            "cpu_core_count": 1,
            "cpu_threads_per_core": 1,
            "credit_specification": [
              {
                "cpu_credits": "standard"
              }
            ],
            "disable_api_termination": false,
            "ebs_block_device": [],
            "ebs_optimized": false,
            "ephemeral_block_device": [],
            "get_password_data": false,
            "hibernation": false,
            "host_id": null,
            "iam_instance_profile": "",
            "id": "i-01f8e79c34d3857aa",
            "instance_initiated_shutdown_behavior": null,
            "instance_state": "running",
            "instance_type": "t2.micro",
            "ipv6_address_count": 0,
            "ipv6_addresses": [],
            "key_name": "chandra-test-keypairs",
            "metadata_options": [
              {
                "http_endpoint": "enabled",
                "http_put_response_hop_limit": 1,
                "http_tokens": "optional"
              }
            ],
            "monitoring": false,
            "network_interface": [],
            "network_interface_id": null,
            "outpost_arn": "",
            "password_data": "",
            "placement_group": "",
            "primary_network_interface_id": "eni-0e071df13fcd5f4da",
            "private_dns": "ip-10-0-1-118.ap-southeast-1.compute.internal",
            "private_ip": "10.0.1.118",
            "public_dns": "",
            "public_ip": "13.250.63.236",
            "root_block_device": [
              {
                "delete_on_termination": true,
                "device_name": "/dev/sda1",
                "encrypted": false,
                "iops": 100,
                "kms_key_id": "",
                "volume_id": "vol-0b70f6b3838550864",
                "volume_size": 8,
                "volume_type": "gp2"
              }
            ],
            "security_groups": [],
            "source_dest_check": true,
            "subnet_id": "subnet-0c0e414277df2563a",
            "tags": {
              "Name": "EC2 Instance"
            },
            "tenancy": "default",
            "timeouts": {
              "create": "20m",
              "delete": null,
              "update": null
            },
            "user_data": "1d66bef734fff006c9af9507bda5824dcc492298",
            "user_data_base64": null,
            "volume_tags": {},
            "vpc_security_group_ids": [
              "sg-04124e078d702c99c"
            ]
          },
          "private": "eyJlMmJmYjczMC1lY2FhLTExZTYtOGY4OC0zNDM2M2JjN2M0YzAiOnsiY3JlYXRlIjoxMjAwMDAwMDAwMDAwLCJkZWxldGUiOjEyMDAwMDAwMDAwMDAsInVwZGF0ZSI6NjAwMDAwMDAwMDAwfSwic2NoZW1hX3ZlcnNpb24iOiIxIn0=",
          "dependencies": [
            "aws_db_instance.mysql",
            "aws_db_subnet_group.mysql",
            "aws_key_pair.keypair1",
            "aws_security_group.mysql",
            "aws_security_group.web",
            "aws_subnet.public1"
          ]
        }
      ]
    },
    {
      "mode": "managed",
      "type": "aws_internet_gateway",
      "name": "igw",
      "provider": "provider.aws",
      "instances": [
        {
          "schema_version": 0,
          "attributes": {
            "arn": "arn:aws:ec2:ap-southeast-1:626156903382:internet-gateway/igw-03924e54cc5670f7e",
            "id": "igw-03924e54cc5670f7e",
            "owner_id": "626156903382",
            "tags": {
              "Name": "chandra-test-igw"
            },
            "vpc_id": "vpc-0736e0013db086e57"
          },
          "private": "bnVsbA==",
          "dependencies": [
            "aws_vpc.vpc"
          ]
        }
      ]
    },
    {
      "mode": "managed",
      "type": "aws_key_pair",
      "name": "keypair1",
      "provider": "provider.aws",
      "instances": [
        {
          "schema_version": 1,
          "attributes": {
            "arn": "arn:aws:ec2:ap-southeast-1:626156903382:key-pair/chandra-test-keypairs",
            "fingerprint": "24:fc:c8:1b:f2:21:e6:ff:a7:d1:e3:4b:0a:cf:01:86",
            "id": "chandra-test-keypairs",
            "key_name": "chandra-test-keypairs",
            "key_name_prefix": null,
            "key_pair_id": "key-0a64e994829fa5c80",
            "public_key": "ssh-rsa AAAAB3NzaC1yc2EAAAADAQABAAABAQC7+qTB+q/m29gpksQ7XwtIZe1EeFOV/DOb7N2JfxyAE5OdLi+/sdNili2VwGNzdBPU/vAsorZsHtWUBcu3v/Y2o81/Op27zXcDUolNHowtCjUyzyCBkg9UE06gt7QHi4mRc9NZAC+iHTFG+TA5zfEauFrp4SGjRtVI0C15LyIsDbxzUkNLJ+fOdZq30lRWhJGzYo3geR4UgyJEGhkcgcI6U2kLvbj3hiYRZK5tiYfVIVO/a0rslb41pjT61/1GC8aAVwjbHVB9kM+My5ZK68kUa/vNx1iFnJcPZSpM8A+BvSMWsDWzl4fDgH0COptMtB+YdYfgVvhFiZGEpUghP+tl root@DESKTOP-ND14SL2",
            "tags": {}
          },
          "private": "eyJzY2hlbWFfdmVyc2lvbiI6IjEifQ=="
        }
      ]
    },
    {
      "mode": "managed",
      "type": "aws_nat_gateway",
      "name": "nat",
      "provider": "provider.aws",
      "instances": [
        {
          "schema_version": 0,
          "attributes": {
            "allocation_id": "eipalloc-0dd1f44c9533420b5",
            "id": "nat-05550b9e714dad21b",
            "network_interface_id": "eni-0edf82e04455a59b9",
            "private_ip": "10.0.1.133",
            "public_ip": "54.254.20.43",
            "subnet_id": "subnet-0c0e414277df2563a",
            "tags": {
              "Name": "chandra-test-nat"
            }
          },
          "private": "bnVsbA==",
          "dependencies": [
            "aws_eip.eip",
            "aws_subnet.public1",
            "aws_vpc.vpc"
          ]
        }
      ]
    },
    {
      "mode": "managed",
      "type": "aws_route_table",
      "name": "private",
      "provider": "provider.aws",
      "instances": [
        {
          "schema_version": 0,
          "attributes": {
            "id": "rtb-0686ada0081a10156",
            "owner_id": "626156903382",
            "propagating_vgws": [],
            "route": [
              {
                "cidr_block": "0.0.0.0/0",
                "egress_only_gateway_id": "",
                "gateway_id": "nat-05550b9e714dad21b",
                "instance_id": "",
                "ipv6_cidr_block": "",
                "nat_gateway_id": "",
                "network_interface_id": "",
                "transit_gateway_id": "",
                "vpc_peering_connection_id": ""
              }
            ],
            "tags": {
              "Name": "chandra-test-private"
            },
            "vpc_id": "vpc-0736e0013db086e57"
          },
          "private": "bnVsbA==",
          "dependencies": [
            "aws_nat_gateway.nat",
            "aws_vpc.vpc"
          ]
        }
      ]
    },
    {
      "mode": "managed",
      "type": "aws_route_table",
      "name": "public",
      "provider": "provider.aws",
      "instances": [
        {
          "schema_version": 0,
          "attributes": {
            "id": "rtb-0698574589101f09a",
            "owner_id": "626156903382",
            "propagating_vgws": [],
            "route": [
              {
                "cidr_block": "0.0.0.0/0",
                "egress_only_gateway_id": "",
                "gateway_id": "igw-03924e54cc5670f7e",
                "instance_id": "",
                "ipv6_cidr_block": "",
                "nat_gateway_id": "",
                "network_interface_id": "",
                "transit_gateway_id": "",
                "vpc_peering_connection_id": ""
              }
            ],
            "tags": {
              "Name": "chandra-test-public"
            },
            "vpc_id": "vpc-0736e0013db086e57"
          },
          "private": "bnVsbA==",
          "dependencies": [
            "aws_internet_gateway.igw",
            "aws_vpc.vpc"
          ]
        }
      ]
    },
    {
      "mode": "managed",
      "type": "aws_route_table_association",
      "name": "private1",
      "provider": "provider.aws",
      "instances": [
        {
          "schema_version": 0,
          "attributes": {
            "gateway_id": null,
            "id": "rtbassoc-00863dcbd4351fe44",
            "route_table_id": "rtb-0686ada0081a10156",
            "subnet_id": "subnet-042eb14c03b598222"
          },
          "private": "bnVsbA==",
          "dependencies": [
            "aws_eip.eip",
            "aws_nat_gateway.nat",
            "aws_route_table.private",
            "aws_subnet.private1",
            "aws_subnet.public1",
            "aws_vpc.vpc"
          ]
        }
      ]
    },
    {
      "mode": "managed",
      "type": "aws_route_table_association",
      "name": "private2",
      "provider": "provider.aws",
      "instances": [
        {
          "schema_version": 0,
          "attributes": {
            "gateway_id": null,
            "id": "rtbassoc-0c69ae546a81bd898",
            "route_table_id": "rtb-0686ada0081a10156",
            "subnet_id": "subnet-0eb2b79acd5901d87"
          },
          "private": "bnVsbA==",
          "dependencies": [
            "aws_eip.eip",
            "aws_nat_gateway.nat",
            "aws_route_table.private",
            "aws_subnet.private2",
            "aws_subnet.public1",
            "aws_vpc.vpc"
          ]
        }
      ]
    },
    {
      "mode": "managed",
      "type": "aws_route_table_association",
      "name": "private3",
      "provider": "provider.aws",
      "instances": [
        {
          "schema_version": 0,
          "attributes": {
            "gateway_id": null,
            "id": "rtbassoc-08f3fcd493507e211",
            "route_table_id": "rtb-0686ada0081a10156",
            "subnet_id": "subnet-07532443580e111b0"
          },
          "private": "bnVsbA==",
          "dependencies": [
            "aws_eip.eip",
            "aws_nat_gateway.nat",
            "aws_route_table.private",
            "aws_subnet.private3",
            "aws_subnet.public1",
            "aws_vpc.vpc"
          ]
        }
      ]
    },
    {
      "mode": "managed",
      "type": "aws_route_table_association",
      "name": "public1",
      "provider": "provider.aws",
      "instances": [
        {
          "schema_version": 0,
          "attributes": {
            "gateway_id": null,
            "id": "rtbassoc-056a6a0d1dbce6ced",
            "route_table_id": "rtb-0698574589101f09a",
            "subnet_id": "subnet-0c0e414277df2563a"
          },
          "private": "bnVsbA==",
          "dependencies": [
            "aws_internet_gateway.igw",
            "aws_route_table.public",
            "aws_subnet.public1",
            "aws_vpc.vpc"
          ]
        }
      ]
    },
    {
      "mode": "managed",
      "type": "aws_route_table_association",
      "name": "public2",
      "provider": "provider.aws",
      "instances": [
        {
          "schema_version": 0,
          "attributes": {
            "gateway_id": null,
            "id": "rtbassoc-005d3e291cf726be9",
            "route_table_id": "rtb-0698574589101f09a",
            "subnet_id": "subnet-0e725f825d1bf9e26"
          },
          "private": "bnVsbA==",
          "dependencies": [
            "aws_internet_gateway.igw",
            "aws_route_table.public",
            "aws_subnet.public2",
            "aws_vpc.vpc"
          ]
        }
      ]
    },
    {
      "mode": "managed",
      "type": "aws_security_group",
      "name": "mysql",
      "provider": "provider.aws",
      "instances": [
        {
          "schema_version": 1,
          "attributes": {
            "arn": "arn:aws:ec2:ap-southeast-1:626156903382:security-group/sg-01393f4e6fd4ea670",
            "description": "managed by terrafrom for db servers",
            "egress": [
              {
                "cidr_blocks": [
                  "0.0.0.0/0"
                ],
                "description": "",
                "from_port": 0,
                "ipv6_cidr_blocks": [],
                "prefix_list_ids": [],
                "protocol": "-1",
                "security_groups": [],
                "self": false,
                "to_port": 0
              }
            ],
            "id": "sg-01393f4e6fd4ea670",
            "ingress": [
              {
                "cidr_blocks": [],
                "description": "",
                "from_port": 3306,
                "ipv6_cidr_blocks": [],
                "prefix_list_ids": [],
                "protocol": "tcp",
                "security_groups": [
                  "sg-04124e078d702c99c"
                ],
                "self": false,
                "to_port": 3306
              }
            ],
            "name": "chandra-test-DBSG",
            "name_prefix": null,
            "owner_id": "626156903382",
            "revoke_rules_on_delete": false,
            "tags": {
              "Name": "chandra-test-DBSG"
            },
            "timeouts": null,
            "vpc_id": "vpc-0736e0013db086e57"
          },
          "private": "eyJlMmJmYjczMC1lY2FhLTExZTYtOGY4OC0zNDM2M2JjN2M0YzAiOnsiY3JlYXRlIjo2MDAwMDAwMDAwMDAsImRlbGV0ZSI6NjAwMDAwMDAwMDAwfSwic2NoZW1hX3ZlcnNpb24iOiIxIn0=",
          "dependencies": [
            "aws_security_group.web",
            "aws_vpc.vpc"
          ]
        }
      ]
    },
    {
      "mode": "managed",
      "type": "aws_security_group",
      "name": "web",
      "provider": "provider.aws",
      "instances": [
        {
          "schema_version": 1,
          "attributes": {
            "arn": "arn:aws:ec2:ap-southeast-1:626156903382:security-group/sg-04124e078d702c99c",
            "description": "This is for chandra-tests web servers security group",
            "egress": [
              {
                "cidr_blocks": [
                  "0.0.0.0/0"
                ],
                "description": "",
                "from_port": 0,
                "ipv6_cidr_blocks": [],
                "prefix_list_ids": [],
                "protocol": "-1",
                "security_groups": [],
                "self": false,
                "to_port": 0
              }
            ],
            "id": "sg-04124e078d702c99c",
            "ingress": [
              {
                "cidr_blocks": [
                  "0.0.0.0/0"
                ],
                "description": "",
                "from_port": 22,
                "ipv6_cidr_blocks": [],
                "prefix_list_ids": [],
                "protocol": "tcp",
                "security_groups": [],
                "self": false,
                "to_port": 22
              },
              {
                "cidr_blocks": [
                  "0.0.0.0/0"
                ],
                "description": "",
                "from_port": 80,
                "ipv6_cidr_blocks": [],
                "prefix_list_ids": [],
                "protocol": "tcp",
                "security_groups": [],
                "self": false,
                "to_port": 80
              },
              {
                "cidr_blocks": [
                  "10.0.0.0/16"
                ],
                "description": "",
                "from_port": -1,
                "ipv6_cidr_blocks": [],
                "prefix_list_ids": [],
                "protocol": "icmp",
                "security_groups": [],
                "self": false,
                "to_port": -1
              }
            ],
            "name": "chandra-test-webSG",
            "name_prefix": null,
            "owner_id": "626156903382",
            "revoke_rules_on_delete": false,
            "tags": {
              "Name": "chandra-test-webSG"
            },
            "timeouts": null,
            "vpc_id": "vpc-0736e0013db086e57"
          },
          "private": "eyJlMmJmYjczMC1lY2FhLTExZTYtOGY4OC0zNDM2M2JjN2M0YzAiOnsiY3JlYXRlIjo2MDAwMDAwMDAwMDAsImRlbGV0ZSI6NjAwMDAwMDAwMDAwfSwic2NoZW1hX3ZlcnNpb24iOiIxIn0=",
          "dependencies": [
            "aws_vpc.vpc"
          ]
        }
      ]
    },
    {
      "mode": "managed",
      "type": "aws_subnet",
      "name": "private1",
      "provider": "provider.aws",
      "instances": [
        {
          "schema_version": 1,
          "attributes": {
            "arn": "arn:aws:ec2:ap-southeast-1:626156903382:subnet/subnet-042eb14c03b598222",
            "assign_ipv6_address_on_creation": false,
            "availability_zone": "ap-southeast-1a",
            "availability_zone_id": "apse1-az2",
            "cidr_block": "10.0.3.0/24",
            "id": "subnet-042eb14c03b598222",
            "ipv6_cidr_block": "",
            "ipv6_cidr_block_association_id": "",
            "map_public_ip_on_launch": false,
            "outpost_arn": "",
            "owner_id": "626156903382",
            "tags": {
              "Name": "chandra-test-private-1"
            },
            "timeouts": null,
            "vpc_id": "vpc-0736e0013db086e57"
          },
          "private": "eyJlMmJmYjczMC1lY2FhLTExZTYtOGY4OC0zNDM2M2JjN2M0YzAiOnsiY3JlYXRlIjo2MDAwMDAwMDAwMDAsImRlbGV0ZSI6MTIwMDAwMDAwMDAwMH0sInNjaGVtYV92ZXJzaW9uIjoiMSJ9",
          "dependencies": [
            "aws_vpc.vpc"
          ]
        }
      ]
    },
    {
      "mode": "managed",
      "type": "aws_subnet",
      "name": "private2",
      "provider": "provider.aws",
      "instances": [
        {
          "schema_version": 1,
          "attributes": {
            "arn": "arn:aws:ec2:ap-southeast-1:626156903382:subnet/subnet-0eb2b79acd5901d87",
            "assign_ipv6_address_on_creation": false,
            "availability_zone": "ap-southeast-1b",
            "availability_zone_id": "apse1-az1",
            "cidr_block": "10.0.4.0/24",
            "id": "subnet-0eb2b79acd5901d87",
            "ipv6_cidr_block": "",
            "ipv6_cidr_block_association_id": "",
            "map_public_ip_on_launch": false,
            "outpost_arn": "",
            "owner_id": "626156903382",
            "tags": {
              "Name": "chandra-test-private-2"
            },
            "timeouts": null,
            "vpc_id": "vpc-0736e0013db086e57"
          },
          "private": "eyJlMmJmYjczMC1lY2FhLTExZTYtOGY4OC0zNDM2M2JjN2M0YzAiOnsiY3JlYXRlIjo2MDAwMDAwMDAwMDAsImRlbGV0ZSI6MTIwMDAwMDAwMDAwMH0sInNjaGVtYV92ZXJzaW9uIjoiMSJ9",
          "dependencies": [
            "aws_vpc.vpc"
          ]
        }
      ]
    },
    {
      "mode": "managed",
      "type": "aws_subnet",
      "name": "private3",
      "provider": "provider.aws",
      "instances": [
        {
          "schema_version": 1,
          "attributes": {
            "arn": "arn:aws:ec2:ap-southeast-1:626156903382:subnet/subnet-07532443580e111b0",
            "assign_ipv6_address_on_creation": false,
            "availability_zone": "ap-southeast-1c",
            "availability_zone_id": "apse1-az3",
            "cidr_block": "10.0.5.0/24",
            "id": "subnet-07532443580e111b0",
            "ipv6_cidr_block": "",
            "ipv6_cidr_block_association_id": "",
            "map_public_ip_on_launch": false,
            "outpost_arn": "",
            "owner_id": "626156903382",
            "tags": {
              "Name": "chandra-test-private-3"
            },
            "timeouts": null,
            "vpc_id": "vpc-0736e0013db086e57"
          },
          "private": "eyJlMmJmYjczMC1lY2FhLTExZTYtOGY4OC0zNDM2M2JjN2M0YzAiOnsiY3JlYXRlIjo2MDAwMDAwMDAwMDAsImRlbGV0ZSI6MTIwMDAwMDAwMDAwMH0sInNjaGVtYV92ZXJzaW9uIjoiMSJ9",
          "dependencies": [
            "aws_vpc.vpc"
          ]
        }
      ]
    },
    {
      "mode": "managed",
      "type": "aws_subnet",
      "name": "public1",
      "provider": "provider.aws",
      "instances": [
        {
          "schema_version": 1,
          "attributes": {
            "arn": "arn:aws:ec2:ap-southeast-1:626156903382:subnet/subnet-0c0e414277df2563a",
            "assign_ipv6_address_on_creation": false,
            "availability_zone": "ap-southeast-1a",
            "availability_zone_id": "apse1-az2",
            "cidr_block": "10.0.1.0/24",
            "id": "subnet-0c0e414277df2563a",
            "ipv6_cidr_block": "",
            "ipv6_cidr_block_association_id": "",
            "map_public_ip_on_launch": false,
            "outpost_arn": "",
            "owner_id": "626156903382",
            "tags": {
              "Name": "chandra-test-public-1"
            },
            "timeouts": null,
            "vpc_id": "vpc-0736e0013db086e57"
          },
          "private": "eyJlMmJmYjczMC1lY2FhLTExZTYtOGY4OC0zNDM2M2JjN2M0YzAiOnsiY3JlYXRlIjo2MDAwMDAwMDAwMDAsImRlbGV0ZSI6MTIwMDAwMDAwMDAwMH0sInNjaGVtYV92ZXJzaW9uIjoiMSJ9",
          "dependencies": [
            "aws_vpc.vpc"
          ]
        }
      ]
    },
    {
      "mode": "managed",
      "type": "aws_subnet",
      "name": "public2",
      "provider": "provider.aws",
      "instances": [
        {
          "schema_version": 1,
          "attributes": {
            "arn": "arn:aws:ec2:ap-southeast-1:626156903382:subnet/subnet-0e725f825d1bf9e26",
            "assign_ipv6_address_on_creation": false,
            "availability_zone": "ap-southeast-1b",
            "availability_zone_id": "apse1-az1",
            "cidr_block": "10.0.2.0/24",
            "id": "subnet-0e725f825d1bf9e26",
            "ipv6_cidr_block": "",
            "ipv6_cidr_block_association_id": "",
            "map_public_ip_on_launch": false,
            "outpost_arn": "",
            "owner_id": "626156903382",
            "tags": {
              "Name": "chandra-test-public-2"
            },
            "timeouts": null,
            "vpc_id": "vpc-0736e0013db086e57"
          },
          "private": "eyJlMmJmYjczMC1lY2FhLTExZTYtOGY4OC0zNDM2M2JjN2M0YzAiOnsiY3JlYXRlIjo2MDAwMDAwMDAwMDAsImRlbGV0ZSI6MTIwMDAwMDAwMDAwMH0sInNjaGVtYV92ZXJzaW9uIjoiMSJ9",
          "dependencies": [
            "aws_vpc.vpc"
          ]
        }
      ]
    },
    {
      "mode": "managed",
      "type": "aws_vpc",
      "name": "vpc",
      "provider": "provider.aws",
      "instances": [
        {
          "schema_version": 1,
          "attributes": {
            "arn": "arn:aws:ec2:ap-southeast-1:626156903382:vpc/vpc-0736e0013db086e57",
            "assign_generated_ipv6_cidr_block": false,
            "cidr_block": "10.0.0.0/16",
            "default_network_acl_id": "acl-0393b75dfb9b34ced",
            "default_route_table_id": "rtb-0e7e9e4f75f3a6c7f",
            "default_security_group_id": "sg-06e0460c8ff5292e5",
            "dhcp_options_id": "dopt-201b2347",
            "enable_classiclink": false,
            "enable_classiclink_dns_support": false,
            "enable_dns_hostnames": false,
            "enable_dns_support": true,
            "id": "vpc-0736e0013db086e57",
            "instance_tenancy": "default",
            "ipv6_association_id": "",
            "ipv6_cidr_block": "",
            "main_route_table_id": "rtb-0e7e9e4f75f3a6c7f",
            "owner_id": "626156903382",
            "tags": {
              "Name": "chandra-test-vpc"
            }
          },
          "private": "eyJzY2hlbWFfdmVyc2lvbiI6IjEifQ=="
        }
      ]
    }
  ]
}
